
Microsoft Visual Studio Solution File, Format Version 12.00
# Visual Studio Version 16
VisualStudioVersion = 16.0.30503.244
MinimumVisualStudioVersion = 10.0.40219.1
Project("{FAE04EC0-301F-11D3-BF4B-00C04F79EFBC}") = "HUNGR_API", "HUNGR_API\HUNGR_API.csproj", "{D8774D6E-E853-4A0E-9A56-CCD9BECAF8FD}"
EndProject
Global
	GlobalSection(SolutionConfigurationPlatforms) = preSolution
		Debug|Any CPU = Debug|Any CPU
		Release|Any CPU = Release|Any CPU
	EndGlobalSection
	GlobalSection(ProjectConfigurationPlatforms) = postSolution
		{D8774D6E-E853-4A0E-9A56-CCD9BECAF8FD}.Debug|Any CPU.ActiveCfg = Debug|Any CPU
		{D8774D6E-E853-4A0E-9A56-CCD9BECAF8FD}.Debug|Any CPU.Build.0 = Debug|Any CPU
		{D8774D6E-E853-4A0E-9A56-CCD9BECAF8FD}.Release|Any CPU.ActiveCfg = Release|Any CPU
		{D8774D6E-E853-4A0E-9A56-CCD9BECAF8FD}.Release|Any CPU.Build.0 = Release|Any CPU
	EndGlobalSection
	GlobalSection(SolutionProperties) = preSolution
		HideSolutionNode = FALSE
	EndGlobalSection
	GlobalSection(ExtensibilityGlobals) = postSolution
		SolutionGuid = {B95211C2-6F47-471F-BEC2-761D8FF37900}
	EndGlobalSection
EndGlobal
